// !$*UTF8*$!
{
	archiveVersion = 1;
	classes = {
	};
	objectVersion = 46;
	objects = {

/* Begin PBXBuildFile section */
		545D3B49FE03E4D49B40AA18 /* Pods_Mung.framework in Frameworks */ = {isa = PBXBuildFile; fileRef = 209822874EB3EFD39CA144D5 /* Pods_Mung.framework */; };
		8702B8C51DA59A6C00F7D23D /* Bolts.framework in Frameworks */ = {isa = PBXBuildFile; fileRef = 8702B8C31DA59A6C00F7D23D /* Bolts.framework */; };
		8702B8C61DA59A6C00F7D23D /* Parse.framework in Frameworks */ = {isa = PBXBuildFile; fileRef = 8702B8C41DA59A6C00F7D23D /* Parse.framework */; };
		8702B8C81DA59AB800F7D23D /* AdSupport.framework in Frameworks */ = {isa = PBXBuildFile; fileRef = 8702B8C71DA59AB800F7D23D /* AdSupport.framework */; };
		8702B8CA1DA59AC400F7D23D /* CFNetwork.framework in Frameworks */ = {isa = PBXBuildFile; fileRef = 8702B8C91DA59AC400F7D23D /* CFNetwork.framework */; };
		8702B8CC1DA59AE100F7D23D /* CoreGraphics.framework in Frameworks */ = {isa = PBXBuildFile; fileRef = 8702B8CB1DA59AE100F7D23D /* CoreGraphics.framework */; };
		8702B8CE1DA59AEF00F7D23D /* QuartzCore.framework in Frameworks */ = {isa = PBXBuildFile; fileRef = 8702B8CD1DA59AEF00F7D23D /* QuartzCore.framework */; };
		8702B8D01DA59AFF00F7D23D /* Security.framework in Frameworks */ = {isa = PBXBuildFile; fileRef = 8702B8CF1DA59AFF00F7D23D /* Security.framework */; };
		8702B8D21DA59B1300F7D23D /* StoreKit.framework in Frameworks */ = {isa = PBXBuildFile; fileRef = 8702B8D11DA59B1300F7D23D /* StoreKit.framework */; };
		8702B8D41DA59B2300F7D23D /* SystemConfiguration.framework in Frameworks */ = {isa = PBXBuildFile; fileRef = 8702B8D31DA59B2300F7D23D /* SystemConfiguration.framework */; };
		8702B8D61DA59B2F00F7D23D /* libz.tbd in Frameworks */ = {isa = PBXBuildFile; fileRef = 8702B8D51DA59B2F00F7D23D /* libz.tbd */; };
		8702B8D81DA59B4000F7D23D /* libsqlite3.tbd in Frameworks */ = {isa = PBXBuildFile; fileRef = 8702B8D71DA59B4000F7D23D /* libsqlite3.tbd */; };
		8702B8DB1DA5A00800F7D23D /* AudioToolbox.framework in Frameworks */ = {isa = PBXBuildFile; fileRef = 8702B8DA1DA5A00800F7D23D /* AudioToolbox.framework */; };
		8702B8DD1DA5B3D400F7D23D /* detailGoalViewController.swift in Sources */ = {isa = PBXBuildFile; fileRef = 8702B8DC1DA5B3D400F7D23D /* detailGoalViewController.swift */; };
		8702B8E51DA6DBF100F7D23D /* MeViewController.swift in Sources */ = {isa = PBXBuildFile; fileRef = 8702B8E41DA6DBF100F7D23D /* MeViewController.swift */; };
		8702B8E91DA73CBA00F7D23D /* SimpleTabsDelegate.swift in Sources */ = {isa = PBXBuildFile; fileRef = 8702B8E61DA73CBA00F7D23D /* SimpleTabsDelegate.swift */; };
		8702B8EA1DA73CBA00F7D23D /* SimpleTabsViewController.swift in Sources */ = {isa = PBXBuildFile; fileRef = 8702B8E71DA73CBA00F7D23D /* SimpleTabsViewController.swift */; };
		8702B8EB1DA73CBA00F7D23D /* SimpleTabItem.swift in Sources */ = {isa = PBXBuildFile; fileRef = 8702B8E81DA73CBA00F7D23D /* SimpleTabItem.swift */; };
		8703DBF21DAC55BF00026B5A /* customView.xib in Resources */ = {isa = PBXBuildFile; fileRef = 8703DBF11DAC55BF00026B5A /* customView.xib */; };
		8703DBF41DAC580400026B5A /* customView.swift in Sources */ = {isa = PBXBuildFile; fileRef = 8703DBF31DAC580400026B5A /* customView.swift */; };
		87102F281DA3BD0800E22A5A /* profileViewController.swift in Sources */ = {isa = PBXBuildFile; fileRef = 87102F271DA3BD0800E22A5A /* profileViewController.swift */; };
		87102F2A1DA479BF00E22A5A /* profileTabsViewController.swift in Sources */ = {isa = PBXBuildFile; fileRef = 87102F291DA479BF00E22A5A /* profileTabsViewController.swift */; };
		87208F9F1D9F5140007869AC /* discoverViewController.swift in Sources */ = {isa = PBXBuildFile; fileRef = 87208F9E1D9F5140007869AC /* discoverViewController.swift */; };
		87208FA11DA17C95007869AC /* investViewController.swift in Sources */ = {isa = PBXBuildFile; fileRef = 87208FA01DA17C95007869AC /* investViewController.swift */; };
		87208FA31DA2265E007869AC /* investViewCell.swift in Sources */ = {isa = PBXBuildFile; fileRef = 87208FA21DA2265E007869AC /* investViewCell.swift */; };
		87208FA51DA22998007869AC /* noInvestmentsViewCell.swift in Sources */ = {isa = PBXBuildFile; fileRef = 87208FA41DA22998007869AC /* noInvestmentsViewCell.swift */; };
		87208FAC1DA26F7E007869AC /* goalViewCell.swift in Sources */ = {isa = PBXBuildFile; fileRef = 87208FAB1DA26F7E007869AC /* goalViewCell.swift */; };
		876CB2231D9F1A5F00BE5D08 /* AppDelegate.swift in Sources */ = {isa = PBXBuildFile; fileRef = 876CB2221D9F1A5F00BE5D08 /* AppDelegate.swift */; };
		876CB2251D9F1A5F00BE5D08 /* ViewController.swift in Sources */ = {isa = PBXBuildFile; fileRef = 876CB2241D9F1A5F00BE5D08 /* ViewController.swift */; };
		876CB2281D9F1A5F00BE5D08 /* Main.storyboard in Resources */ = {isa = PBXBuildFile; fileRef = 876CB2261D9F1A5F00BE5D08 /* Main.storyboard */; };
		876CB22A1D9F1A5F00BE5D08 /* Assets.xcassets in Resources */ = {isa = PBXBuildFile; fileRef = 876CB2291D9F1A5F00BE5D08 /* Assets.xcassets */; };
		876CB22D1D9F1A5F00BE5D08 /* LaunchScreen.storyboard in Resources */ = {isa = PBXBuildFile; fileRef = 876CB22B1D9F1A5F00BE5D08 /* LaunchScreen.storyboard */; };
		8778FFA81DAE6586001886DF /* MHScrollingHeader.swift in Sources */ = {isa = PBXBuildFile; fileRef = 8778FFA71DAE6586001886DF /* MHScrollingHeader.swift */; };
		8778FFAE1DAE7809001886DF /* StretchHeaderOptions.swift in Sources */ = {isa = PBXBuildFile; fileRef = 8778FFAC1DAE7809001886DF /* StretchHeaderOptions.swift */; };
		8778FFAF1DAE7809001886DF /* StretchHeader.swift in Sources */ = {isa = PBXBuildFile; fileRef = 8778FFAD1DAE7809001886DF /* StretchHeader.swift */; };
		8778FFB41DAE8FD9001886DF /* tabBarViewController.swift in Sources */ = {isa = PBXBuildFile; fileRef = 8778FFB31DAE8FD9001886DF /* tabBarViewController.swift */; };
/* End PBXBuildFile section */

/* Begin PBXFileReference section */
		209822874EB3EFD39CA144D5 /* Pods_Mung.framework */ = {isa = PBXFileReference; explicitFileType = wrapper.framework; includeInIndex = 0; path = Pods_Mung.framework; sourceTree = BUILT_PRODUCTS_DIR; };
		4B454648FB4355765C31DB4B /* Pods-Mung.debug.xcconfig */ = {isa = PBXFileReference; includeInIndex = 1; lastKnownFileType = text.xcconfig; name = "Pods-Mung.debug.xcconfig"; path = "Pods/Target Support Files/Pods-Mung/Pods-Mung.debug.xcconfig"; sourceTree = "<group>"; };
		8702B8C31DA59A6C00F7D23D /* Bolts.framework */ = {isa = PBXFileReference; lastKnownFileType = wrapper.framework; path = Bolts.framework; sourceTree = "<group>"; };
		8702B8C41DA59A6C00F7D23D /* Parse.framework */ = {isa = PBXFileReference; lastKnownFileType = wrapper.framework; path = Parse.framework; sourceTree = "<group>"; };
		8702B8C71DA59AB800F7D23D /* AdSupport.framework */ = {isa = PBXFileReference; lastKnownFileType = wrapper.framework; name = AdSupport.framework; path = System/Library/Frameworks/AdSupport.framework; sourceTree = SDKROOT; };
		8702B8C91DA59AC400F7D23D /* CFNetwork.framework */ = {isa = PBXFileReference; lastKnownFileType = wrapper.framework; name = CFNetwork.framework; path = System/Library/Frameworks/CFNetwork.framework; sourceTree = SDKROOT; };
		8702B8CB1DA59AE100F7D23D /* CoreGraphics.framework */ = {isa = PBXFileReference; lastKnownFileType = wrapper.framework; name = CoreGraphics.framework; path = System/Library/Frameworks/CoreGraphics.framework; sourceTree = SDKROOT; };
		8702B8CD1DA59AEF00F7D23D /* QuartzCore.framework */ = {isa = PBXFileReference; lastKnownFileType = wrapper.framework; name = QuartzCore.framework; path = System/Library/Frameworks/QuartzCore.framework; sourceTree = SDKROOT; };
		8702B8CF1DA59AFF00F7D23D /* Security.framework */ = {isa = PBXFileReference; lastKnownFileType = wrapper.framework; name = Security.framework; path = System/Library/Frameworks/Security.framework; sourceTree = SDKROOT; };
		8702B8D11DA59B1300F7D23D /* StoreKit.framework */ = {isa = PBXFileReference; lastKnownFileType = wrapper.framework; name = StoreKit.framework; path = System/Library/Frameworks/StoreKit.framework; sourceTree = SDKROOT; };
		8702B8D31DA59B2300F7D23D /* SystemConfiguration.framework */ = {isa = PBXFileReference; lastKnownFileType = wrapper.framework; name = SystemConfiguration.framework; path = System/Library/Frameworks/SystemConfiguration.framework; sourceTree = SDKROOT; };
		8702B8D51DA59B2F00F7D23D /* libz.tbd */ = {isa = PBXFileReference; lastKnownFileType = "sourcecode.text-based-dylib-definition"; name = libz.tbd; path = usr/lib/libz.tbd; sourceTree = SDKROOT; };
		8702B8D71DA59B4000F7D23D /* libsqlite3.tbd */ = {isa = PBXFileReference; lastKnownFileType = "sourcecode.text-based-dylib-definition"; name = libsqlite3.tbd; path = usr/lib/libsqlite3.tbd; sourceTree = SDKROOT; };
		8702B8DA1DA5A00800F7D23D /* AudioToolbox.framework */ = {isa = PBXFileReference; lastKnownFileType = wrapper.framework; name = AudioToolbox.framework; path = System/Library/Frameworks/AudioToolbox.framework; sourceTree = SDKROOT; };
		8702B8DC1DA5B3D400F7D23D /* detailGoalViewController.swift */ = {isa = PBXFileReference; fileEncoding = 4; lastKnownFileType = sourcecode.swift; path = detailGoalViewController.swift; sourceTree = "<group>"; };
		8702B8E41DA6DBF100F7D23D /* MeViewController.swift */ = {isa = PBXFileReference; fileEncoding = 4; lastKnownFileType = sourcecode.swift; path = MeViewController.swift; sourceTree = "<group>"; };
		8702B8E61DA73CBA00F7D23D /* SimpleTabsDelegate.swift */ = {isa = PBXFileReference; fileEncoding = 4; lastKnownFileType = sourcecode.swift; path = SimpleTabsDelegate.swift; sourceTree = "<group>"; };
		8702B8E71DA73CBA00F7D23D /* SimpleTabsViewController.swift */ = {isa = PBXFileReference; fileEncoding = 4; lastKnownFileType = sourcecode.swift; path = SimpleTabsViewController.swift; sourceTree = "<group>"; };
		8702B8E81DA73CBA00F7D23D /* SimpleTabItem.swift */ = {isa = PBXFileReference; fileEncoding = 4; lastKnownFileType = sourcecode.swift; path = SimpleTabItem.swift; sourceTree = "<group>"; };
		8703DBF11DAC55BF00026B5A /* customView.xib */ = {isa = PBXFileReference; fileEncoding = 4; lastKnownFileType = file.xib; path = customView.xib; sourceTree = "<group>"; };
		8703DBF31DAC580400026B5A /* customView.swift */ = {isa = PBXFileReference; fileEncoding = 4; lastKnownFileType = sourcecode.swift; path = customView.swift; sourceTree = "<group>"; };
		87102F271DA3BD0800E22A5A /* profileViewController.swift */ = {isa = PBXFileReference; fileEncoding = 4; lastKnownFileType = sourcecode.swift; path = profileViewController.swift; sourceTree = "<group>"; };
		87102F291DA479BF00E22A5A /* profileTabsViewController.swift */ = {isa = PBXFileReference; fileEncoding = 4; indentWidth = 4; lastKnownFileType = sourcecode.swift; path = profileTabsViewController.swift; sourceTree = "<group>"; };
		87208F9E1D9F5140007869AC /* discoverViewController.swift */ = {isa = PBXFileReference; fileEncoding = 4; lastKnownFileType = sourcecode.swift; path = discoverViewController.swift; sourceTree = "<group>"; };
		87208FA01DA17C95007869AC /* investViewController.swift */ = {isa = PBXFileReference; fileEncoding = 4; lastKnownFileType = sourcecode.swift; path = investViewController.swift; sourceTree = "<group>"; };
		87208FA21DA2265E007869AC /* investViewCell.swift */ = {isa = PBXFileReference; fileEncoding = 4; lastKnownFileType = sourcecode.swift; path = investViewCell.swift; sourceTree = "<group>"; };
		87208FA41DA22998007869AC /* noInvestmentsViewCell.swift */ = {isa = PBXFileReference; fileEncoding = 4; lastKnownFileType = sourcecode.swift; path = noInvestmentsViewCell.swift; sourceTree = "<group>"; };
		87208FAB1DA26F7E007869AC /* goalViewCell.swift */ = {isa = PBXFileReference; fileEncoding = 4; lastKnownFileType = sourcecode.swift; path = goalViewCell.swift; sourceTree = "<group>"; };
		876CB21F1D9F1A5F00BE5D08 /* Mung.app */ = {isa = PBXFileReference; explicitFileType = wrapper.application; includeInIndex = 0; path = Mung.app; sourceTree = BUILT_PRODUCTS_DIR; };
		876CB2221D9F1A5F00BE5D08 /* AppDelegate.swift */ = {isa = PBXFileReference; lastKnownFileType = sourcecode.swift; path = AppDelegate.swift; sourceTree = "<group>"; };
		876CB2241D9F1A5F00BE5D08 /* ViewController.swift */ = {isa = PBXFileReference; lastKnownFileType = sourcecode.swift; path = ViewController.swift; sourceTree = "<group>"; };
		876CB2271D9F1A5F00BE5D08 /* Base */ = {isa = PBXFileReference; lastKnownFileType = file.storyboard; name = Base; path = Base.lproj/Main.storyboard; sourceTree = "<group>"; };
		876CB2291D9F1A5F00BE5D08 /* Assets.xcassets */ = {isa = PBXFileReference; lastKnownFileType = folder.assetcatalog; path = Assets.xcassets; sourceTree = "<group>"; };
		876CB22C1D9F1A5F00BE5D08 /* Base */ = {isa = PBXFileReference; lastKnownFileType = file.storyboard; name = Base; path = Base.lproj/LaunchScreen.storyboard; sourceTree = "<group>"; };
		876CB22E1D9F1A5F00BE5D08 /* Info.plist */ = {isa = PBXFileReference; lastKnownFileType = text.plist.xml; path = Info.plist; sourceTree = "<group>"; };
		8778FFA71DAE6586001886DF /* MHScrollingHeader.swift */ = {isa = PBXFileReference; fileEncoding = 4; lastKnownFileType = sourcecode.swift; path = MHScrollingHeader.swift; sourceTree = "<group>"; };
		8778FFA91DAE6722001886DF /* Mung-Bridging-Header.h */ = {isa = PBXFileReference; lastKnownFileType = sourcecode.c.h; path = "Mung-Bridging-Header.h"; sourceTree = "<group>"; };
		8778FFAC1DAE7809001886DF /* StretchHeaderOptions.swift */ = {isa = PBXFileReference; fileEncoding = 4; lastKnownFileType = sourcecode.swift; path = StretchHeaderOptions.swift; sourceTree = "<group>"; };
		8778FFAD1DAE7809001886DF /* StretchHeader.swift */ = {isa = PBXFileReference; fileEncoding = 4; lastKnownFileType = sourcecode.swift; path = StretchHeader.swift; sourceTree = "<group>"; };
		8778FFB31DAE8FD9001886DF /* tabBarViewController.swift */ = {isa = PBXFileReference; fileEncoding = 4; lastKnownFileType = sourcecode.swift; path = tabBarViewController.swift; sourceTree = "<group>"; };
		9CA250109AB68AC473730582 /* Pods-Mung.release.xcconfig */ = {isa = PBXFileReference; includeInIndex = 1; lastKnownFileType = text.xcconfig; name = "Pods-Mung.release.xcconfig"; path = "Pods/Target Support Files/Pods-Mung/Pods-Mung.release.xcconfig"; sourceTree = "<group>"; };
/* End PBXFileReference section */

/* Begin PBXFrameworksBuildPhase section */
		876CB21C1D9F1A5F00BE5D08 /* Frameworks */ = {
			isa = PBXFrameworksBuildPhase;
			buildActionMask = 2147483647;
			files = (
				8702B8DB1DA5A00800F7D23D /* AudioToolbox.framework in Frameworks */,
				8702B8D81DA59B4000F7D23D /* libsqlite3.tbd in Frameworks */,
				8702B8D61DA59B2F00F7D23D /* libz.tbd in Frameworks */,
				8702B8D41DA59B2300F7D23D /* SystemConfiguration.framework in Frameworks */,
				8702B8D21DA59B1300F7D23D /* StoreKit.framework in Frameworks */,
				8702B8D01DA59AFF00F7D23D /* Security.framework in Frameworks */,
				8702B8CE1DA59AEF00F7D23D /* QuartzCore.framework in Frameworks */,
				8702B8CC1DA59AE100F7D23D /* CoreGraphics.framework in Frameworks */,
				8702B8CA1DA59AC400F7D23D /* CFNetwork.framework in Frameworks */,
				8702B8C81DA59AB800F7D23D /* AdSupport.framework in Frameworks */,
				8702B8C61DA59A6C00F7D23D /* Parse.framework in Frameworks */,
				8702B8C51DA59A6C00F7D23D /* Bolts.framework in Frameworks */,
				545D3B49FE03E4D49B40AA18 /* Pods_Mung.framework in Frameworks */,
			);
			runOnlyForDeploymentPostprocessing = 0;
		};
/* End PBXFrameworksBuildPhase section */

/* Begin PBXGroup section */
		8702B8D91DA59B4700F7D23D /* Frameworks */ = {
			isa = PBXGroup;
			children = (
				8778FFAC1DAE7809001886DF /* StretchHeaderOptions.swift */,
				8778FFAD1DAE7809001886DF /* StretchHeader.swift */,
				8778FFA91DAE6722001886DF /* Mung-Bridging-Header.h */,
				8778FFA71DAE6586001886DF /* MHScrollingHeader.swift */,
				8702B8E61DA73CBA00F7D23D /* SimpleTabsDelegate.swift */,
				8702B8E71DA73CBA00F7D23D /* SimpleTabsViewController.swift */,
				8702B8E81DA73CBA00F7D23D /* SimpleTabItem.swift */,
				8702B8DA1DA5A00800F7D23D /* AudioToolbox.framework */,
				8702B8D71DA59B4000F7D23D /* libsqlite3.tbd */,
				8702B8D51DA59B2F00F7D23D /* libz.tbd */,
				8702B8D31DA59B2300F7D23D /* SystemConfiguration.framework */,
				8702B8D11DA59B1300F7D23D /* StoreKit.framework */,
				8702B8CF1DA59AFF00F7D23D /* Security.framework */,
				8702B8CD1DA59AEF00F7D23D /* QuartzCore.framework */,
				8702B8CB1DA59AE100F7D23D /* CoreGraphics.framework */,
				8702B8C91DA59AC400F7D23D /* CFNetwork.framework */,
				8702B8C71DA59AB800F7D23D /* AdSupport.framework */,
				8702B8C31DA59A6C00F7D23D /* Bolts.framework */,
				8702B8C41DA59A6C00F7D23D /* Parse.framework */,
				209822874EB3EFD39CA144D5 /* Pods_Mung.framework */,
			);
			name = Frameworks;
			sourceTree = "<group>";
		};
		87208FA61DA24532007869AC /* Tab 2- Invest Tab */ = {
			isa = PBXGroup;
			children = (
				87208FA01DA17C95007869AC /* investViewController.swift */,
				87208FA21DA2265E007869AC /* investViewCell.swift */,
				87208FA41DA22998007869AC /* noInvestmentsViewCell.swift */,
			);
			name = "Tab 2- Invest Tab";
			sourceTree = "<group>";
		};
		87208FA71DA24557007869AC /* Tab 1- Discover Tab */ = {
			isa = PBXGroup;
			children = (
				87208F9E1D9F5140007869AC /* discoverViewController.swift */,
				8702B8DC1DA5B3D400F7D23D /* detailGoalViewController.swift */,
				87208FAB1DA26F7E007869AC /* goalViewCell.swift */,
			);
			name = "Tab 1- Discover Tab";
			sourceTree = "<group>";
		};
		87208FA81DA26C73007869AC /* Tab 3- Me/Profile Tab */ = {
			isa = PBXGroup;
			children = (
				87102F271DA3BD0800E22A5A /* profileViewController.swift */,
				87102F291DA479BF00E22A5A /* profileTabsViewController.swift */,
				8702B8E41DA6DBF100F7D23D /* MeViewController.swift */,
			);
			name = "Tab 3- Me/Profile Tab";
			sourceTree = "<group>";
		};
		876CB2161D9F1A5F00BE5D08 = {
			isa = PBXGroup;
			children = (
				8702B8D91DA59B4700F7D23D /* Frameworks */,
				876CB2211D9F1A5F00BE5D08 /* Mung */,
				876CB2201D9F1A5F00BE5D08 /* Products */,
				A893AAC80AE5F10E92A57EF4 /* Pods */,
			);
			sourceTree = "<group>";
		};
		876CB2201D9F1A5F00BE5D08 /* Products */ = {
			isa = PBXGroup;
			children = (
				876CB21F1D9F1A5F00BE5D08 /* Mung.app */,
			);
			name = Products;
			sourceTree = "<group>";
		};
		876CB2211D9F1A5F00BE5D08 /* Mung */ = {
			isa = PBXGroup;
			children = (
				876CB2261D9F1A5F00BE5D08 /* Main.storyboard */,
				8703DBF11DAC55BF00026B5A /* customView.xib */,
				8703DBF31DAC580400026B5A /* customView.swift */,
				876CB2221D9F1A5F00BE5D08 /* AppDelegate.swift */,
				876CB2241D9F1A5F00BE5D08 /* ViewController.swift */,
				8778FFB01DAE8D31001886DF /* UI Elements */,
				87208FA71DA24557007869AC /* Tab 1- Discover Tab */,
				87208FA61DA24532007869AC /* Tab 2- Invest Tab */,
				87208FA81DA26C73007869AC /* Tab 3- Me/Profile Tab */,
				876CB2291D9F1A5F00BE5D08 /* Assets.xcassets */,
				876CB22B1D9F1A5F00BE5D08 /* LaunchScreen.storyboard */,
				876CB22E1D9F1A5F00BE5D08 /* Info.plist */,
			);
			path = Mung;
			sourceTree = "<group>";
		};
		8778FFB01DAE8D31001886DF /* UI Elements */ = {
			isa = PBXGroup;
			children = (
				8778FFB31DAE8FD9001886DF /* tabBarViewController.swift */,
			);
			name = "UI Elements";
			sourceTree = "<group>";
		};
		A893AAC80AE5F10E92A57EF4 /* Pods */ = {
			isa = PBXGroup;
			children = (
				4B454648FB4355765C31DB4B /* Pods-Mung.debug.xcconfig */,
				9CA250109AB68AC473730582 /* Pods-Mung.release.xcconfig */,
			);
			name = Pods;
			sourceTree = "<group>";
		};
/* End PBXGroup section */

/* Begin PBXNativeTarget section */
		876CB21E1D9F1A5F00BE5D08 /* Mung */ = {
			isa = PBXNativeTarget;
			buildConfigurationList = 876CB2311D9F1A5F00BE5D08 /* Build configuration list for PBXNativeTarget "Mung" */;
			buildPhases = (
				74D42761B91D6A09793D3735 /* Check Pods Manifest.lock */,
				876CB21B1D9F1A5F00BE5D08 /* Sources */,
				876CB21C1D9F1A5F00BE5D08 /* Frameworks */,
				876CB21D1D9F1A5F00BE5D08 /* Resources */,
				E32979A474DC2261E61C6083 /* Embed Pods Frameworks */,
				EB2364185AA96C4E9E1B05A8 /* Copy Pods Resources */,
			);
			buildRules = (
			);
			dependencies = (
			);
			name = Mung;
			productName = Mung;
			productReference = 876CB21F1D9F1A5F00BE5D08 /* Mung.app */;
			productType = "com.apple.product-type.application";
		};
/* End PBXNativeTarget section */

/* Begin PBXProject section */
		876CB2171D9F1A5F00BE5D08 /* Project object */ = {
			isa = PBXProject;
			attributes = {
				LastSwiftUpdateCheck = 0730;
				LastUpgradeCheck = 0730;
				ORGANIZATIONNAME = "Color & Space";
				TargetAttributes = {
					876CB21E1D9F1A5F00BE5D08 = {
						CreatedOnToolsVersion = 7.3.1;
						DevelopmentTeam = XEHA3FMNWA;
						LastSwiftMigration = 0800;
						ProvisioningStyle = Automatic;
					};
				};
			};
			buildConfigurationList = 876CB21A1D9F1A5F00BE5D08 /* Build configuration list for PBXProject "Mung" */;
			compatibilityVersion = "Xcode 3.2";
			developmentRegion = English;
			hasScannedForEncodings = 0;
			knownRegions = (
				en,
				Base,
			);
			mainGroup = 876CB2161D9F1A5F00BE5D08;
			productRefGroup = 876CB2201D9F1A5F00BE5D08 /* Products */;
			projectDirPath = "";
			projectRoot = "";
			targets = (
				876CB21E1D9F1A5F00BE5D08 /* Mung */,
			);
		};
/* End PBXProject section */

/* Begin PBXResourcesBuildPhase section */
		876CB21D1D9F1A5F00BE5D08 /* Resources */ = {
			isa = PBXResourcesBuildPhase;
			buildActionMask = 2147483647;
			files = (
				876CB22D1D9F1A5F00BE5D08 /* LaunchScreen.storyboard in Resources */,
				8703DBF21DAC55BF00026B5A /* customView.xib in Resources */,
				876CB22A1D9F1A5F00BE5D08 /* Assets.xcassets in Resources */,
				876CB2281D9F1A5F00BE5D08 /* Main.storyboard in Resources */,
			);
			runOnlyForDeploymentPostprocessing = 0;
		};
/* End PBXResourcesBuildPhase section */

/* Begin PBXShellScriptBuildPhase section */
		74D42761B91D6A09793D3735 /* Check Pods Manifest.lock */ = {
			isa = PBXShellScriptBuildPhase;
			buildActionMask = 2147483647;
			files = (
			);
			inputPaths = (
			);
			name = "Check Pods Manifest.lock";
			outputPaths = (
			);
			runOnlyForDeploymentPostprocessing = 0;
			shellPath = /bin/sh;
			shellScript = "diff \"${PODS_ROOT}/../Podfile.lock\" \"${PODS_ROOT}/Manifest.lock\" > /dev/null\nif [[ $? != 0 ]] ; then\n    cat << EOM\nerror: The sandbox is not in sync with the Podfile.lock. Run 'pod install' or update your CocoaPods installation.\nEOM\n    exit 1\nfi\n";
			showEnvVarsInLog = 0;
		};
		E32979A474DC2261E61C6083 /* Embed Pods Frameworks */ = {
			isa = PBXShellScriptBuildPhase;
			buildActionMask = 2147483647;
			files = (
			);
			inputPaths = (
			);
			name = "Embed Pods Frameworks";
			outputPaths = (
			);
			runOnlyForDeploymentPostprocessing = 0;
			shellPath = /bin/sh;
			shellScript = "\"${SRCROOT}/Pods/Target Support Files/Pods-Mung/Pods-Mung-frameworks.sh\"\n";
			showEnvVarsInLog = 0;
		};
		EB2364185AA96C4E9E1B05A8 /* Copy Pods Resources */ = {
			isa = PBXShellScriptBuildPhase;
			buildActionMask = 2147483647;
			files = (
			);
			inputPaths = (
			);
			name = "Copy Pods Resources";
			outputPaths = (
			);
			runOnlyForDeploymentPostprocessing = 0;
			shellPath = /bin/sh;
			shellScript = "\"${SRCROOT}/Pods/Target Support Files/Pods-Mung/Pods-Mung-resources.sh\"\n";
			showEnvVarsInLog = 0;
		};
/* End PBXShellScriptBuildPhase section */

/* Begin PBXSourcesBuildPhase section */
		876CB21B1D9F1A5F00BE5D08 /* Sources */ = {
			isa = PBXSourcesBuildPhase;
			buildActionMask = 2147483647;
			files = (
				8702B8EB1DA73CBA00F7D23D /* SimpleTabItem.swift in Sources */,
				87208F9F1D9F5140007869AC /* discoverViewController.swift in Sources */,
				8702B8E51DA6DBF100F7D23D /* MeViewController.swift in Sources */,
				87208FA31DA2265E007869AC /* investViewCell.swift in Sources */,
				8778FFB41DAE8FD9001886DF /* tabBarViewController.swift in Sources */,
				8702B8DD1DA5B3D400F7D23D /* detailGoalViewController.swift in Sources */,
				87208FAC1DA26F7E007869AC /* goalViewCell.swift in Sources */,
				87102F2A1DA479BF00E22A5A /* profileTabsViewController.swift in Sources */,
				8702B8EA1DA73CBA00F7D23D /* SimpleTabsViewController.swift in Sources */,
				8702B8E91DA73CBA00F7D23D /* SimpleTabsDelegate.swift in Sources */,
				8778FFAE1DAE7809001886DF /* StretchHeaderOptions.swift in Sources */,
				8778FFAF1DAE7809001886DF /* StretchHeader.swift in Sources */,
				87208FA11DA17C95007869AC /* investViewController.swift in Sources */,
				8703DBF41DAC580400026B5A /* customView.swift in Sources */,
				876CB2251D9F1A5F00BE5D08 /* ViewController.swift in Sources */,
				87208FA51DA22998007869AC /* noInvestmentsViewCell.swift in Sources */,
				87102F281DA3BD0800E22A5A /* profileViewController.swift in Sources */,
				876CB2231D9F1A5F00BE5D08 /* AppDelegate.swift in Sources */,
				8778FFA81DAE6586001886DF /* MHScrollingHeader.swift in Sources */,
			);
			runOnlyForDeploymentPostprocessing = 0;
		};
/* End PBXSourcesBuildPhase section */

/* Begin PBXVariantGroup section */
		876CB2261D9F1A5F00BE5D08 /* Main.storyboard */ = {
			isa = PBXVariantGroup;
			children = (
				876CB2271D9F1A5F00BE5D08 /* Base */,
			);
			name = Main.storyboard;
			sourceTree = "<group>";
		};
		876CB22B1D9F1A5F00BE5D08 /* LaunchScreen.storyboard */ = {
			isa = PBXVariantGroup;
			children = (
				876CB22C1D9F1A5F00BE5D08 /* Base */,
			);
			name = LaunchScreen.storyboard;
			sourceTree = "<group>";
		};
/* End PBXVariantGroup section */

/* Begin XCBuildConfiguration section */
		876CB22F1D9F1A5F00BE5D08 /* Debug */ = {
			isa = XCBuildConfiguration;
			buildSettings = {
				ALWAYS_SEARCH_USER_PATHS = NO;
				CLANG_ANALYZER_NONNULL = YES;
				CLANG_CXX_LANGUAGE_STANDARD = "gnu++0x";
				CLANG_CXX_LIBRARY = "libc++";
				CLANG_ENABLE_MODULES = YES;
				CLANG_ENABLE_OBJC_ARC = YES;
				CLANG_WARN_BOOL_CONVERSION = YES;
				CLANG_WARN_CONSTANT_CONVERSION = YES;
				CLANG_WARN_DIRECT_OBJC_ISA_USAGE = YES_ERROR;
				CLANG_WARN_EMPTY_BODY = YES;
				CLANG_WARN_ENUM_CONVERSION = YES;
				CLANG_WARN_INT_CONVERSION = YES;
				CLANG_WARN_OBJC_ROOT_CLASS = YES_ERROR;
				CLANG_WARN_UNREACHABLE_CODE = YES;
				CLANG_WARN__DUPLICATE_METHOD_MATCH = YES;
				"CODE_SIGN_IDENTITY[sdk=iphoneos*]" = "iPhone Developer";
				COPY_PHASE_STRIP = NO;
				DEBUG_INFORMATION_FORMAT = dwarf;
				ENABLE_STRICT_OBJC_MSGSEND = YES;
				ENABLE_TESTABILITY = YES;
				GCC_C_LANGUAGE_STANDARD = gnu99;
				GCC_DYNAMIC_NO_PIC = NO;
				GCC_NO_COMMON_BLOCKS = YES;
				GCC_OPTIMIZATION_LEVEL = 0;
				GCC_PREPROCESSOR_DEFINITIONS = (
					"DEBUG=1",
					"$(inherited)",
				);
				GCC_WARN_64_TO_32_BIT_CONVERSION = YES;
				GCC_WARN_ABOUT_RETURN_TYPE = YES_ERROR;
				GCC_WARN_UNDECLARED_SELECTOR = YES;
				GCC_WARN_UNINITIALIZED_AUTOS = YES_AGGRESSIVE;
				GCC_WARN_UNUSED_FUNCTION = YES;
				GCC_WARN_UNUSED_VARIABLE = YES;
				IPHONEOS_DEPLOYMENT_TARGET = 9.3;
				MTL_ENABLE_DEBUG_INFO = YES;
				ONLY_ACTIVE_ARCH = YES;
				SDKROOT = iphoneos;
				SWIFT_OPTIMIZATION_LEVEL = "-Onone";
			};
			name = Debug;
		};
		876CB2301D9F1A5F00BE5D08 /* Release */ = {
			isa = XCBuildConfiguration;
			buildSettings = {
				ALWAYS_SEARCH_USER_PATHS = NO;
				CLANG_ANALYZER_NONNULL = YES;
				CLANG_CXX_LANGUAGE_STANDARD = "gnu++0x";
				CLANG_CXX_LIBRARY = "libc++";
				CLANG_ENABLE_MODULES = YES;
				CLANG_ENABLE_OBJC_ARC = YES;
				CLANG_WARN_BOOL_CONVERSION = YES;
				CLANG_WARN_CONSTANT_CONVERSION = YES;
				CLANG_WARN_DIRECT_OBJC_ISA_USAGE = YES_ERROR;
				CLANG_WARN_EMPTY_BODY = YES;
				CLANG_WARN_ENUM_CONVERSION = YES;
				CLANG_WARN_INT_CONVERSION = YES;
				CLANG_WARN_OBJC_ROOT_CLASS = YES_ERROR;
				CLANG_WARN_UNREACHABLE_CODE = YES;
				CLANG_WARN__DUPLICATE_METHOD_MATCH = YES;
				"CODE_SIGN_IDENTITY[sdk=iphoneos*]" = "iPhone Developer";
				COPY_PHASE_STRIP = NO;
				DEBUG_INFORMATION_FORMAT = "dwarf-with-dsym";
				ENABLE_NS_ASSERTIONS = NO;
				ENABLE_STRICT_OBJC_MSGSEND = YES;
				GCC_C_LANGUAGE_STANDARD = gnu99;
				GCC_NO_COMMON_BLOCKS = YES;
				GCC_WARN_64_TO_32_BIT_CONVERSION = YES;
				GCC_WARN_ABOUT_RETURN_TYPE = YES_ERROR;
				GCC_WARN_UNDECLARED_SELECTOR = YES;
				GCC_WARN_UNINITIALIZED_AUTOS = YES_AGGRESSIVE;
				GCC_WARN_UNUSED_FUNCTION = YES;
				GCC_WARN_UNUSED_VARIABLE = YES;
				IPHONEOS_DEPLOYMENT_TARGET = 9.3;
				MTL_ENABLE_DEBUG_INFO = NO;
				SDKROOT = iphoneos;
				VALIDATE_PRODUCT = YES;
			};
			name = Release;
		};
		876CB2321D9F1A5F00BE5D08 /* Debug */ = {
			isa = XCBuildConfiguration;
			baseConfigurationReference = 4B454648FB4355765C31DB4B /* Pods-Mung.debug.xcconfig */;
			buildSettings = {
				ASSETCATALOG_COMPILER_APPICON_NAME = AppIcon;
				CLANG_ENABLE_MODULES = YES;
				"CODE_SIGN_IDENTITY[sdk=iphoneos*]" = "iPhone Developer";
				DEVELOPMENT_TEAM = XEHA3FMNWA;
				FRAMEWORK_SEARCH_PATHS = (
					"$(inherited)",
					"$(PROJECT_DIR)",
				);
				INFOPLIST_FILE = Mung/Info.plist;
				IPHONEOS_DEPLOYMENT_TARGET = 9.3;
				LD_RUNPATH_SEARCH_PATHS = "$(inherited) @executable_path/Frameworks";
				PRODUCT_BUNDLE_IDENTIFIER = com.bycolorandspace.mung;
				PRODUCT_NAME = "$(TARGET_NAME)";
				SWIFT_OBJC_BRIDGING_HEADER = "Mung-Bridging-Header.h";
				SWIFT_OPTIMIZATION_LEVEL = "-Onone";
				SWIFT_VERSION = 3.0;
			};
			name = Debug;
		};
		876CB2331D9F1A5F00BE5D08 /* Release */ = {
			isa = XCBuildConfiguration;
			baseConfigurationReference = 9CA250109AB68AC473730582 /* Pods-Mung.release.xcconfig */;
			buildSettings = {
				ASSETCATALOG_COMPILER_APPICON_NAME = AppIcon;
				CLANG_ENABLE_MODULES = YES;
				"CODE_SIGN_IDENTITY[sdk=iphoneos*]" = "iPhone Developer";
				DEVELOPMENT_TEAM = XEHA3FMNWA;
				FRAMEWORK_SEARCH_PATHS = (
					"$(inherited)",
					"$(PROJECT_DIR)",
				);
				INFOPLIST_FILE = Mung/Info.plist;
				IPHONEOS_DEPLOYMENT_TARGET = 9.3;
				LD_RUNPATH_SEARCH_PATHS = "$(inherited) @executable_path/Frameworks";
				PRODUCT_BUNDLE_IDENTIFIER = com.bycolorandspace.mung;
				PRODUCT_NAME = "$(TARGET_NAME)";
				SWIFT_OBJC_BRIDGING_HEADER = "Mung-Bridging-Header.h";
				SWIFT_VERSION = 3.0;
			};
			name = Release;
		};
/* End XCBuildConfiguration section */

/* Begin XCConfigurationList section */
		876CB21A1D9F1A5F00BE5D08 /* Build configuration list for PBXProject "Mung" */ = {
			isa = XCConfigurationList;
			buildConfigurations = (
				876CB22F1D9F1A5F00BE5D08 /* Debug */,
				876CB2301D9F1A5F00BE5D08 /* Release */,
			);
			defaultConfigurationIsVisible = 0;
			defaultConfigurationName = Release;
		};
		876CB2311D9F1A5F00BE5D08 /* Build configuration list for PBXNativeTarget "Mung" */ = {
			isa = XCConfigurationList;
			buildConfigurations = (
				876CB2321D9F1A5F00BE5D08 /* Debug */,
				876CB2331D9F1A5F00BE5D08 /* Release */,
			);
			defaultConfigurationIsVisible = 0;
			defaultConfigurationName = Release;
		};
/* End XCConfigurationList section */
	};
	rootObject = 876CB2171D9F1A5F00BE5D08 /* Project object */;
}
